
Microsoft Visual Studio Solution File, Format Version 12.00
# Visual Studio Version 17
VisualStudioVersion = 17.14.36623.8 d17.14
MinimumVisualStudioVersion = 10.0.40219.1
Project("{FAE04EC0-301F-11D3-BF4B-00C04F79EFBC}") = "L0_S1", "L0_S1\L0_S1.csproj", "{EDD74A40-4D45-4ECC-A82C-D3C6554605DA}"
EndProject
Project("{FAE04EC0-301F-11D3-BF4B-00C04F79EFBC}") = "L0_S2", "L0_S2\L0_S2.csproj", "{F2FA37F3-9A75-4CA2-BB69-1297E7E4E55F}"
EndProject
Project("{FAE04EC0-301F-11D3-BF4B-00C04F79EFBC}") = "L0_S3", "L0_S3\L0_S3.csproj", "{C3736028-ABB3-4049-B521-8B4E2AA28239}"
EndProject
Project("{FAE04EC0-301F-11D3-BF4B-00C04F79EFBC}") = "L1_S1", "L1_S1\L1_S1.csproj", "{2D3EACDC-D389-4F38-B4F6-2FF996AAB915}"
EndProject
Project("{FAE04EC0-301F-11D3-BF4B-00C04F79EFBC}") = "L1_S2", "L1_S2\L1_S2.csproj", "{35946550-E346-4974-8C42-9BFC7B0DE286}"
EndProject
Project("{FAE04EC0-301F-11D3-BF4B-00C04F79EFBC}") = "L1_S3", "L1_S3\L1_S3.csproj", "{AFD1EFEA-CC30-40EC-A3DB-C469667F194F}"
EndProject
Project("{FAE04EC0-301F-11D3-BF4B-00C04F79EFBC}") = "L2_S1", "L2_S1\L2_S1.csproj", "{95A4AEDD-A753-4038-9127-3305AE03ADDE}"
EndProject
Project("{FAE04EC0-301F-11D3-BF4B-00C04F79EFBC}") = "L2_S2", "L2_S2\L2_S2.csproj", "{9988669C-45DC-4B2C-A40B-1A8067F0D900}"
EndProject
Project("{FAE04EC0-301F-11D3-BF4B-00C04F79EFBC}") = "L2_S3", "L2_S3\L2_S3.csproj", "{0AED7B77-5E59-42C4-B1A0-7046C90D961A}"
EndProject
Global
	GlobalSection(SolutionConfigurationPlatforms) = preSolution
		Debug|Any CPU = Debug|Any CPU
		Release|Any CPU = Release|Any CPU
	EndGlobalSection
	GlobalSection(ProjectConfigurationPlatforms) = postSolution
		{EDD74A40-4D45-4ECC-A82C-D3C6554605DA}.Debug|Any CPU.ActiveCfg = Debug|Any CPU
		{EDD74A40-4D45-4ECC-A82C-D3C6554605DA}.Debug|Any CPU.Build.0 = Debug|Any CPU
		{EDD74A40-4D45-4ECC-A82C-D3C6554605DA}.Release|Any CPU.ActiveCfg = Release|Any CPU
		{EDD74A40-4D45-4ECC-A82C-D3C6554605DA}.Release|Any CPU.Build.0 = Release|Any CPU
		{F2FA37F3-9A75-4CA2-BB69-1297E7E4E55F}.Debug|Any CPU.ActiveCfg = Debug|Any CPU
		{F2FA37F3-9A75-4CA2-BB69-1297E7E4E55F}.Debug|Any CPU.Build.0 = Debug|Any CPU
		{F2FA37F3-9A75-4CA2-BB69-1297E7E4E55F}.Release|Any CPU.ActiveCfg = Release|Any CPU
		{F2FA37F3-9A75-4CA2-BB69-1297E7E4E55F}.Release|Any CPU.Build.0 = Release|Any CPU
		{C3736028-ABB3-4049-B521-8B4E2AA28239}.Debug|Any CPU.ActiveCfg = Debug|Any CPU
		{C3736028-ABB3-4049-B521-8B4E2AA28239}.Debug|Any CPU.Build.0 = Debug|Any CPU
		{C3736028-ABB3-4049-B521-8B4E2AA28239}.Release|Any CPU.ActiveCfg = Release|Any CPU
		{C3736028-ABB3-4049-B521-8B4E2AA28239}.Release|Any CPU.Build.0 = Release|Any CPU
		{2D3EACDC-D389-4F38-B4F6-2FF996AAB915}.Debug|Any CPU.ActiveCfg = Debug|Any CPU
		{2D3EACDC-D389-4F38-B4F6-2FF996AAB915}.Debug|Any CPU.Build.0 = Debug|Any CPU
		{2D3EACDC-D389-4F38-B4F6-2FF996AAB915}.Release|Any CPU.ActiveCfg = Release|Any CPU
		{2D3EACDC-D389-4F38-B4F6-2FF996AAB915}.Release|Any CPU.Build.0 = Release|Any CPU
		{35946550-E346-4974-8C42-9BFC7B0DE286}.Debug|Any CPU.ActiveCfg = Debug|Any CPU
		{35946550-E346-4974-8C42-9BFC7B0DE286}.Debug|Any CPU.Build.0 = Debug|Any CPU
		{35946550-E346-4974-8C42-9BFC7B0DE286}.Release|Any CPU.ActiveCfg = Release|Any CPU
		{35946550-E346-4974-8C42-9BFC7B0DE286}.Release|Any CPU.Build.0 = Release|Any CPU
		{AFD1EFEA-CC30-40EC-A3DB-C469667F194F}.Debug|Any CPU.ActiveCfg = Debug|Any CPU
		{AFD1EFEA-CC30-40EC-A3DB-C469667F194F}.Debug|Any CPU.Build.0 = Debug|Any CPU
		{AFD1EFEA-CC30-40EC-A3DB-C469667F194F}.Release|Any CPU.ActiveCfg = Release|Any CPU
		{AFD1EFEA-CC30-40EC-A3DB-C469667F194F}.Release|Any CPU.Build.0 = Release|Any CPU
		{95A4AEDD-A753-4038-9127-3305AE03ADDE}.Debug|Any CPU.ActiveCfg = Debug|Any CPU
		{95A4AEDD-A753-4038-9127-3305AE03ADDE}.Debug|Any CPU.Build.0 = Debug|Any CPU
		{95A4AEDD-A753-4038-9127-3305AE03ADDE}.Release|Any CPU.ActiveCfg = Release|Any CPU
		{95A4AEDD-A753-4038-9127-3305AE03ADDE}.Release|Any CPU.Build.0 = Release|Any CPU
		{9988669C-45DC-4B2C-A40B-1A8067F0D900}.Debug|Any CPU.ActiveCfg = Debug|Any CPU
		{9988669C-45DC-4B2C-A40B-1A8067F0D900}.Debug|Any CPU.Build.0 = Debug|Any CPU
		{9988669C-45DC-4B2C-A40B-1A8067F0D900}.Release|Any CPU.ActiveCfg = Release|Any CPU
		{9988669C-45DC-4B2C-A40B-1A8067F0D900}.Release|Any CPU.Build.0 = Release|Any CPU
		{0AED7B77-5E59-42C4-B1A0-7046C90D961A}.Debug|Any CPU.ActiveCfg = Debug|Any CPU
		{0AED7B77-5E59-42C4-B1A0-7046C90D961A}.Debug|Any CPU.Build.0 = Debug|Any CPU
		{0AED7B77-5E59-42C4-B1A0-7046C90D961A}.Release|Any CPU.ActiveCfg = Release|Any CPU
		{0AED7B77-5E59-42C4-B1A0-7046C90D961A}.Release|Any CPU.Build.0 = Release|Any CPU
	EndGlobalSection
	GlobalSection(SolutionProperties) = preSolution
		HideSolutionNode = FALSE
	EndGlobalSection
	GlobalSection(ExtensibilityGlobals) = postSolution
		SolutionGuid = {8108AAEC-A42D-4007-A8C5-75256FD65F2A}
	EndGlobalSection
EndGlobal
